
Microsoft Visual Studio Solution File, Format Version 12.00
# Visual Studio Version 17
VisualStudioVersion = 17.11.35303.130
MinimumVisualStudioVersion = 10.0.40219.1
Project("{9A19103F-16F7-4668-BE54-9A1E7A4F7556}") = "FinanzasPersonales.API", "FinanzasPersonales.API.csproj", "{4C5324BF-274D-432C-BED7-B562E9CFF5A9}"
EndProject
Project("{FAE04EC0-301F-11D3-BF4B-00C04F79EFBC}") = "FinanzasPersonales.Domain", "..\FinanciasPersonales.Domain\FinanzasPersonales.Domain.csproj", "{B9BE298F-A13B-46F1-8C09-1856CBAB10E0}"
EndProject
Project("{2150E333-8FDC-42A3-9474-1A3956D46DE8}") = "FinanzasPersonales.Domain", "FinanzasPersonales.Domain", "{02EA681E-C7D8-13C7-8484-4AC65E1B71E8}"
EndProject
Project("{FAE04EC0-301F-11D3-BF4B-00C04F79EFBC}") = "FinanzasPersonales.Aplication", "..\FinanzasPersonales.Aplication\FinanzasPersonales.Aplication.csproj", "{219A2ACC-45BC-4936-86AD-5A1E343D9EBD}"
EndProject
Project("{2150E333-8FDC-42A3-9474-1A3956D46DE8}") = "FinanzasPersonales.Aplication", "FinanzasPersonales.Aplication", "{918F4223-ADE0-4855-9A45-568A74F864EB}"
EndProject
Project("{2150E333-8FDC-42A3-9474-1A3956D46DE8}") = "FinanzasPersonales.API", "FinanzasPersonales.API", "{C51CBB2C-B6E3-4383-AD1D-8B20F2037A2B}"
EndProject
Project("{2150E333-8FDC-42A3-9474-1A3956D46DE8}") = "FinanzasPersonales.Infrastructure", "FinanzasPersonales.Infrastructure", "{FC73D3FF-700F-4DA6-850F-E2FDBCC50F6B}"
EndProject
Project("{FAE04EC0-301F-11D3-BF4B-00C04F79EFBC}") = "FinanzasPersonales.Infrastructure", "..\FinanzasPersonales.Infrastructure\FinanzasPersonales.Infrastructure.csproj", "{285029DE-FE07-400B-8023-A199D7184B58}"
EndProject
Global
	GlobalSection(SolutionConfigurationPlatforms) = preSolution
		Debug|Any CPU = Debug|Any CPU
		Release|Any CPU = Release|Any CPU
	EndGlobalSection
	GlobalSection(ProjectConfigurationPlatforms) = postSolution
		{4C5324BF-274D-432C-BED7-B562E9CFF5A9}.Debug|Any CPU.ActiveCfg = Debug|Any CPU
		{4C5324BF-274D-432C-BED7-B562E9CFF5A9}.Debug|Any CPU.Build.0 = Debug|Any CPU
		{4C5324BF-274D-432C-BED7-B562E9CFF5A9}.Release|Any CPU.ActiveCfg = Release|Any CPU
		{4C5324BF-274D-432C-BED7-B562E9CFF5A9}.Release|Any CPU.Build.0 = Release|Any CPU
		{B9BE298F-A13B-46F1-8C09-1856CBAB10E0}.Debug|Any CPU.ActiveCfg = Debug|Any CPU
		{B9BE298F-A13B-46F1-8C09-1856CBAB10E0}.Debug|Any CPU.Build.0 = Debug|Any CPU
		{B9BE298F-A13B-46F1-8C09-1856CBAB10E0}.Release|Any CPU.ActiveCfg = Release|Any CPU
		{B9BE298F-A13B-46F1-8C09-1856CBAB10E0}.Release|Any CPU.Build.0 = Release|Any CPU
		{219A2ACC-45BC-4936-86AD-5A1E343D9EBD}.Debug|Any CPU.ActiveCfg = Debug|Any CPU
		{219A2ACC-45BC-4936-86AD-5A1E343D9EBD}.Debug|Any CPU.Build.0 = Debug|Any CPU
		{219A2ACC-45BC-4936-86AD-5A1E343D9EBD}.Release|Any CPU.ActiveCfg = Release|Any CPU
		{219A2ACC-45BC-4936-86AD-5A1E343D9EBD}.Release|Any CPU.Build.0 = Release|Any CPU
		{285029DE-FE07-400B-8023-A199D7184B58}.Debug|Any CPU.ActiveCfg = Debug|Any CPU
		{285029DE-FE07-400B-8023-A199D7184B58}.Debug|Any CPU.Build.0 = Debug|Any CPU
		{285029DE-FE07-400B-8023-A199D7184B58}.Release|Any CPU.ActiveCfg = Release|Any CPU
		{285029DE-FE07-400B-8023-A199D7184B58}.Release|Any CPU.Build.0 = Release|Any CPU
	EndGlobalSection
	GlobalSection(SolutionProperties) = preSolution
		HideSolutionNode = FALSE
	EndGlobalSection
	GlobalSection(NestedProjects) = preSolution
		{4C5324BF-274D-432C-BED7-B562E9CFF5A9} = {C51CBB2C-B6E3-4383-AD1D-8B20F2037A2B}
		{B9BE298F-A13B-46F1-8C09-1856CBAB10E0} = {02EA681E-C7D8-13C7-8484-4AC65E1B71E8}
		{219A2ACC-45BC-4936-86AD-5A1E343D9EBD} = {918F4223-ADE0-4855-9A45-568A74F864EB}
		{285029DE-FE07-400B-8023-A199D7184B58} = {FC73D3FF-700F-4DA6-850F-E2FDBCC50F6B}
	EndGlobalSection
	GlobalSection(ExtensibilityGlobals) = postSolution
		SolutionGuid = {00E65688-8ED2-4D5F-9AE2-5B6095C0DAB6}
	EndGlobalSection
EndGlobal
